// !$*UTF8*$!
{
	archiveVersion = 1;
	classes = {
	};
	objectVersion = 55;
	objects = {

/* Begin PBXBuildFile section */
		B0946468281351A1005F982D /* Tests_iOS.swift in Sources */ = {isa = PBXBuildFile; fileRef = B0946467281351A1005F982D /* Tests_iOS.swift */; };
		B094646A281351A1005F982D /* Tests_iOSLaunchTests.swift in Sources */ = {isa = PBXBuildFile; fileRef = B0946469281351A1005F982D /* Tests_iOSLaunchTests.swift */; };
		B0946474281351A1005F982D /* Tests_macOS.swift in Sources */ = {isa = PBXBuildFile; fileRef = B0946473281351A1005F982D /* Tests_macOS.swift */; };
		B0946476281351A1005F982D /* Tests_macOSLaunchTests.swift in Sources */ = {isa = PBXBuildFile; fileRef = B0946475281351A1005F982D /* Tests_macOSLaunchTests.swift */; };
		B0946477281351A1005F982D /* project_1App.swift in Sources */ = {isa = PBXBuildFile; fileRef = B094644F281351A0005F982D /* project_1App.swift */; };
		B0946478281351A1005F982D /* project_1App.swift in Sources */ = {isa = PBXBuildFile; fileRef = B094644F281351A0005F982D /* project_1App.swift */; };
		B0946479281351A1005F982D /* ContentView.swift in Sources */ = {isa = PBXBuildFile; fileRef = B0946450281351A0005F982D /* ContentView.swift */; };
		B094647A281351A1005F982D /* ContentView.swift in Sources */ = {isa = PBXBuildFile; fileRef = B0946450281351A0005F982D /* ContentView.swift */; };
		B094647B281351A1005F982D /* Assets.xcassets in Resources */ = {isa = PBXBuildFile; fileRef = B0946451281351A1005F982D /* Assets.xcassets */; };
		B094647C281351A1005F982D /* Assets.xcassets in Resources */ = {isa = PBXBuildFile; fileRef = B0946451281351A1005F982D /* Assets.xcassets */; };
/* End PBXBuildFile section */

/* Begin PBXContainerItemProxy section */
		B0946464281351A1005F982D /* PBXContainerItemProxy */ = {
			isa = PBXContainerItemProxy;
			containerPortal = B094644A281351A0005F982D /* Project object */;
			proxyType = 1;
			remoteGlobalIDString = B0946455281351A1005F982D;
			remoteInfo = "project_1 (iOS)";
		};
		B0946470281351A1005F982D /* PBXContainerItemProxy */ = {
			isa = PBXContainerItemProxy;
			containerPortal = B094644A281351A0005F982D /* Project object */;
			proxyType = 1;
			remoteGlobalIDString = B094645B281351A1005F982D;
			remoteInfo = "project_1 (macOS)";
		};
/* End PBXContainerItemProxy section */

/* Begin PBXFileReference section */
		B094644F281351A0005F982D /* project_1App.swift */ = {isa = PBXFileReference; lastKnownFileType = sourcecode.swift; path = project_1App.swift; sourceTree = "<group>"; };
		B0946450281351A0005F982D /* ContentView.swift */ = {isa = PBXFileReference; lastKnownFileType = sourcecode.swift; path = ContentView.swift; sourceTree = "<group>"; };
		B0946451281351A1005F982D /* Assets.xcassets */ = {isa = PBXFileReference; lastKnownFileType = folder.assetcatalog; path = Assets.xcassets; sourceTree = "<group>"; };
		B0946456281351A1005F982D /* project_1.app */ = {isa = PBXFileReference; explicitFileType = wrapper.application; includeInIndex = 0; path = project_1.app; sourceTree = BUILT_PRODUCTS_DIR; };
		B094645C281351A1005F982D /* project_1.app */ = {isa = PBXFileReference; explicitFileType = wrapper.application; includeInIndex = 0; path = project_1.app; sourceTree = BUILT_PRODUCTS_DIR; };
		B094645E281351A1005F982D /* macOS.entitlements */ = {isa = PBXFileReference; lastKnownFileType = text.plist.entitlements; path = macOS.entitlements; sourceTree = "<group>"; };
		B0946463281351A1005F982D /* Tests iOS.xctest */ = {isa = PBXFileReference; explicitFileType = wrapper.cfbundle; includeInIndex = 0; path = "Tests iOS.xctest"; sourceTree = BUILT_PRODUCTS_DIR; };
		B0946467281351A1005F982D /* Tests_iOS.swift */ = {isa = PBXFileReference; lastKnownFileType = sourcecode.swift; path = Tests_iOS.swift; sourceTree = "<group>"; };
		B0946469281351A1005F982D /* Tests_iOSLaunchTests.swift */ = {isa = PBXFileReference; lastKnownFileType = sourcecode.swift; path = Tests_iOSLaunchTests.swift; sourceTree = "<group>"; };
		B094646F281351A1005F982D /* Tests macOS.xctest */ = {isa = PBXFileReference; explicitFileType = wrapper.cfbundle; includeInIndex = 0; path = "Tests macOS.xctest"; sourceTree = BUILT_PRODUCTS_DIR; };
		B0946473281351A1005F982D /* Tests_macOS.swift */ = {isa = PBXFileReference; lastKnownFileType = sourcecode.swift; path = Tests_macOS.swift; sourceTree = "<group>"; };
		B0946475281351A1005F982D /* Tests_macOSLaunchTests.swift */ = {isa = PBXFileReference; lastKnownFileType = sourcecode.swift; path = Tests_macOSLaunchTests.swift; sourceTree = "<group>"; };
/* End PBXFileReference section */

/* Begin PBXFrameworksBuildPhase section */
		B0946453281351A1005F982D /* Frameworks */ = {
			isa = PBXFrameworksBuildPhase;
			buildActionMask = 2147483647;
			files = (
			);
			runOnlyForDeploymentPostprocessing = 0;
		};
		B0946459281351A1005F982D /* Frameworks */ = {
			isa = PBXFrameworksBuildPhase;
			buildActionMask = 2147483647;
			files = (
			);
			runOnlyForDeploymentPostprocessing = 0;
		};
		B0946460281351A1005F982D /* Frameworks */ = {
			isa = PBXFrameworksBuildPhase;
			buildActionMask = 2147483647;
			files = (
			);
			runOnlyForDeploymentPostprocessing = 0;
		};
		B094646C281351A1005F982D /* Frameworks */ = {
			isa = PBXFrameworksBuildPhase;
			buildActionMask = 2147483647;
			files = (
			);
			runOnlyForDeploymentPostprocessing = 0;
		};
/* End PBXFrameworksBuildPhase section */

/* Begin PBXGroup section */
		B0946449281351A0005F982D = {
			isa = PBXGroup;
			children = (
				B094644E281351A0005F982D /* Shared */,
				B094645D281351A1005F982D /* macOS */,
				B0946466281351A1005F982D /* Tests iOS */,
				B0946472281351A1005F982D /* Tests macOS */,
				B0946457281351A1005F982D /* Products */,
			);
			sourceTree = "<group>";
		};
		B094644E281351A0005F982D /* Shared */ = {
			isa = PBXGroup;
			children = (
				B094644F281351A0005F982D /* project_1App.swift */,
				B0946450281351A0005F982D /* ContentView.swift */,
				B0946451281351A1005F982D /* Assets.xcassets */,
			);
			path = Shared;
			sourceTree = "<group>";
		};
		B0946457281351A1005F982D /* Products */ = {
			isa = PBXGroup;
			children = (
				B0946456281351A1005F982D /* project_1.app */,
				B094645C281351A1005F982D /* project_1.app */,
				B0946463281351A1005F982D /* Tests iOS.xctest */,
				B094646F281351A1005F982D /* Tests macOS.xctest */,
			);
			name = Products;
			sourceTree = "<group>";
		};
		B094645D281351A1005F982D /* macOS */ = {
			isa = PBXGroup;
			children = (
				B094645E281351A1005F982D /* macOS.entitlements */,
			);
			path = macOS;
			sourceTree = "<group>";
		};
		B0946466281351A1005F982D /* Tests iOS */ = {
			isa = PBXGroup;
			children = (
				B0946467281351A1005F982D /* Tests_iOS.swift */,
				B0946469281351A1005F982D /* Tests_iOSLaunchTests.swift */,
			);
			path = "Tests iOS";
			sourceTree = "<group>";
		};
		B0946472281351A1005F982D /* Tests macOS */ = {
			isa = PBXGroup;
			children = (
				B0946473281351A1005F982D /* Tests_macOS.swift */,
				B0946475281351A1005F982D /* Tests_macOSLaunchTests.swift */,
			);
			path = "Tests macOS";
			sourceTree = "<group>";
		};
/* End PBXGroup section */

/* Begin PBXNativeTarget section */
		B0946455281351A1005F982D /* project_1 (iOS) */ = {
			isa = PBXNativeTarget;
			buildConfigurationList = B094647F281351A1005F982D /* Build configuration list for PBXNativeTarget "project_1 (iOS)" */;
			buildPhases = (
				B0946452281351A1005F982D /* Sources */,
				B0946453281351A1005F982D /* Frameworks */,
				B0946454281351A1005F982D /* Resources */,
			);
			buildRules = (
			);
			dependencies = (
			);
			name = "project_1 (iOS)";
			productName = "project_1 (iOS)";
			productReference = B0946456281351A1005F982D /* project_1.app */;
			productType = "com.apple.product-type.application";
		};
		B094645B281351A1005F982D /* project_1 (macOS) */ = {
			isa = PBXNativeTarget;
			buildConfigurationList = B0946482281351A1005F982D /* Build configuration list for PBXNativeTarget "project_1 (macOS)" */;
			buildPhases = (
				B0946458281351A1005F982D /* Sources */,
				B0946459281351A1005F982D /* Frameworks */,
				B094645A281351A1005F982D /* Resources */,
			);
			buildRules = (
			);
			dependencies = (
			);
			name = "project_1 (macOS)";
			productName = "project_1 (macOS)";
			productReference = B094645C281351A1005F982D /* project_1.app */;
			productType = "com.apple.product-type.application";
		};
		B0946462281351A1005F982D /* Tests iOS */ = {
			isa = PBXNativeTarget;
			buildConfigurationList = B0946485281351A1005F982D /* Build configuration list for PBXNativeTarget "Tests iOS" */;
			buildPhases = (
				B094645F281351A1005F982D /* Sources */,
				B0946460281351A1005F982D /* Frameworks */,
				B0946461281351A1005F982D /* Resources */,
			);
			buildRules = (
			);
			dependencies = (
				B0946465281351A1005F982D /* PBXTargetDependency */,
			);
			name = "Tests iOS";
			productName = "Tests iOS";
			productReference = B0946463281351A1005F982D /* Tests iOS.xctest */;
			productType = "com.apple.product-type.bundle.ui-testing";
		};
		B094646E281351A1005F982D /* Tests macOS */ = {
			isa = PBXNativeTarget;
			buildConfigurationList = B0946488281351A1005F982D /* Build configuration list for PBXNativeTarget "Tests macOS" */;
			buildPhases = (
				B094646B281351A1005F982D /* Sources */,
				B094646C281351A1005F982D /* Frameworks */,
				B094646D281351A1005F982D /* Resources */,
			);
			buildRules = (
			);
			dependencies = (
				B0946471281351A1005F982D /* PBXTargetDependency */,
			);
			name = "Tests macOS";
			productName = "Tests macOS";
			productReference = B094646F281351A1005F982D /* Tests macOS.xctest */;
			productType = "com.apple.product-type.bundle.ui-testing";
		};
/* End PBXNativeTarget section */

/* Begin PBXProject section */
		B094644A281351A0005F982D /* Project object */ = {
			isa = PBXProject;
			attributes = {
				BuildIndependentTargetsInParallel = 1;
				LastSwiftUpdateCheck = 1320;
				LastUpgradeCheck = 1320;
				TargetAttributes = {
					B0946455281351A1005F982D = {
						CreatedOnToolsVersion = 13.2.1;
					};
					B094645B281351A1005F982D = {
						CreatedOnToolsVersion = 13.2.1;
					};
					B0946462281351A1005F982D = {
						CreatedOnToolsVersion = 13.2.1;
						TestTargetID = B0946455281351A1005F982D;
					};
					B094646E281351A1005F982D = {
						CreatedOnToolsVersion = 13.2.1;
						TestTargetID = B094645B281351A1005F982D;
					};
				};
			};
			buildConfigurationList = B094644D281351A0005F982D /* Build configuration list for PBXProject "project_1" */;
			compatibilityVersion = "Xcode 13.0";
			developmentRegion = en;
			hasScannedForEncodings = 0;
			knownRegions = (
				en,
				Base,
			);
			mainGroup = B0946449281351A0005F982D;
			productRefGroup = B0946457281351A1005F982D /* Products */;
			projectDirPath = "";
			projectRoot = "";
			targets = (
				B0946455281351A1005F982D /* project_1 (iOS) */,
				B094645B281351A1005F982D /* project_1 (macOS) */,
				B0946462281351A1005F982D /* Tests iOS */,
				B094646E281351A1005F982D /* Tests macOS */,
			);
		};
/* End PBXProject section */

/* Begin PBXResourcesBuildPhase section */
		B0946454281351A1005F982D /* Resources */ = {
			isa = PBXResourcesBuildPhase;
			buildActionMask = 2147483647;
			files = (
				B094647B281351A1005F982D /* Assets.xcassets in Resources */,
			);
			runOnlyForDeploymentPostprocessing = 0;
		};
		B094645A281351A1005F982D /* Resources */ = {
			isa = PBXResourcesBuildPhase;
			buildActionMask = 2147483647;
			files = (
				B094647C281351A1005F982D /* Assets.xcassets in Resources */,
			);
			runOnlyForDeploymentPostprocessing = 0;
		};
		B0946461281351A1005F982D /* Resources */ = {
			isa = PBXResourcesBuildPhase;
			buildActionMask = 2147483647;
			files = (
			);
			runOnlyForDeploymentPostprocessing = 0;
		};
		B094646D281351A1005F982D /* Resources */ = {
			isa = PBXResourcesBuildPhase;
			buildActionMask = 2147483647;
			files = (
			);
			runOnlyForDeploymentPostprocessing = 0;
		};
/* End PBXResourcesBuildPhase section */

/* Begin PBXSourcesBuildPhase section */
		B0946452281351A1005F982D /* Sources */ = {
			isa = PBXSourcesBuildPhase;
			buildActionMask = 2147483647;
			files = (
				B0946479281351A1005F982D /* ContentView.swift in Sources */,
				B0946477281351A1005F982D /* project_1App.swift in Sources */,
			);
			runOnlyForDeploymentPostprocessing = 0;
		};
		B0946458281351A1005F982D /* Sources */ = {
			isa = PBXSourcesBuildPhase;
			buildActionMask = 2147483647;
			files = (
				B094647A281351A1005F982D /* ContentView.swift in Sources */,
				B0946478281351A1005F982D /* project_1App.swift in Sources */,
			);
			runOnlyForDeploymentPostprocessing = 0;
		};
		B094645F281351A1005F982D /* Sources */ = {
			isa = PBXSourcesBuildPhase;
			buildActionMask = 2147483647;
			files = (
				B094646A281351A1005F982D /* Tests_iOSLaunchTests.swift in Sources */,
				B0946468281351A1005F982D /* Tests_iOS.swift in Sources */,
			);
			runOnlyForDeploymentPostprocessing = 0;
		};
		B094646B281351A1005F982D /* Sources */ = {
			isa = PBXSourcesBuildPhase;
			buildActionMask = 2147483647;
			files = (
				B0946476281351A1005F982D /* Tests_macOSLaunchTests.swift in Sources */,
				B0946474281351A1005F982D /* Tests_macOS.swift in Sources */,
			);
			runOnlyForDeploymentPostprocessing = 0;
		};
/* End PBXSourcesBuildPhase section */

/* Begin PBXTargetDependency section */
		B0946465281351A1005F982D /* PBXTargetDependency */ = {
			isa = PBXTargetDependency;
			target = B0946455281351A1005F982D /* project_1 (iOS) */;
			targetProxy = B0946464281351A1005F982D /* PBXContainerItemProxy */;
		};
		B0946471281351A1005F982D /* PBXTargetDependency */ = {
			isa = PBXTargetDependency;
			target = B094645B281351A1005F982D /* project_1 (macOS) */;
			targetProxy = B0946470281351A1005F982D /* PBXContainerItemProxy */;
		};
/* End PBXTargetDependency section */

/* Begin XCBuildConfiguration section */
		B094647D281351A1005F982D /* Debug */ = {
			isa = XCBuildConfiguration;
			buildSettings = {
				ALWAYS_SEARCH_USER_PATHS = NO;
				CLANG_ANALYZER_NONNULL = YES;
				CLANG_ANALYZER_NUMBER_OBJECT_CONVERSION = YES_AGGRESSIVE;
				CLANG_CXX_LANGUAGE_STANDARD = "gnu++17";
				CLANG_CXX_LIBRARY = "libc++";
				CLANG_ENABLE_MODULES = YES;
				CLANG_ENABLE_OBJC_ARC = YES;
				CLANG_ENABLE_OBJC_WEAK = YES;
				CLANG_WARN_BLOCK_CAPTURE_AUTORELEASING = YES;
				CLANG_WARN_BOOL_CONVERSION = YES;
				CLANG_WARN_COMMA = YES;
				CLANG_WARN_CONSTANT_CONVERSION = YES;
				CLANG_WARN_DEPRECATED_OBJC_IMPLEMENTATIONS = YES;
				CLANG_WARN_DIRECT_OBJC_ISA_USAGE = YES_ERROR;
				CLANG_WARN_DOCUMENTATION_COMMENTS = YES;
				CLANG_WARN_EMPTY_BODY = YES;
				CLANG_WARN_ENUM_CONVERSION = YES;
				CLANG_WARN_INFINITE_RECURSION = YES;
				CLANG_WARN_INT_CONVERSION = YES;
				CLANG_WARN_NON_LITERAL_NULL_CONVERSION = YES;
				CLANG_WARN_OBJC_IMPLICIT_RETAIN_SELF = YES;
				CLANG_WARN_OBJC_LITERAL_CONVERSION = YES;
				CLANG_WARN_OBJC_ROOT_CLASS = YES_ERROR;
				CLANG_WARN_QUOTED_INCLUDE_IN_FRAMEWORK_HEADER = YES;
				CLANG_WARN_RANGE_LOOP_ANALYSIS = YES;
				CLANG_WARN_STRICT_PROTOTYPES = YES;
				CLANG_WARN_SUSPICIOUS_MOVE = YES;
				CLANG_WARN_UNGUARDED_AVAILABILITY = YES_AGGRESSIVE;
				CLANG_WARN_UNREACHABLE_CODE = YES;
				CLANG_WARN__DUPLICATE_METHOD_MATCH = YES;
				COPY_PHASE_STRIP = NO;
				DEBUG_INFORMATION_FORMAT = dwarf;
				ENABLE_STRICT_OBJC_MSGSEND = YES;
				ENABLE_TESTABILITY = YES;
				GCC_C_LANGUAGE_STANDARD = gnu11;
				GCC_DYNAMIC_NO_PIC = NO;
				GCC_NO_COMMON_BLOCKS = YES;
				GCC_OPTIMIZATION_LEVEL = 0;
				GCC_PREPROCESSOR_DEFINITIONS = (
					"DEBUG=1",
					"$(inherited)",
				);
				GCC_WARN_64_TO_32_BIT_CONVERSION = YES;
				GCC_WARN_ABOUT_RETURN_TYPE = YES_ERROR;
				GCC_WARN_UNDECLARED_SELECTOR = YES;
				GCC_WARN_UNINITIALIZED_AUTOS = YES_AGGRESSIVE;
				GCC_WARN_UNUSED_FUNCTION = YES;
				GCC_WARN_UNUSED_VARIABLE = YES;
				MTL_ENABLE_DEBUG_INFO = INCLUDE_SOURCE;
				MTL_FAST_MATH = YES;
				ONLY_ACTIVE_ARCH = YES;
				SWIFT_ACTIVE_COMPILATION_CONDITIONS = DEBUG;
				SWIFT_OPTIMIZATION_LEVEL = "-Onone";
			};
			name = Debug;
		};
		B094647E281351A1005F982D /* Release */ = {
			isa = XCBuildConfiguration;
			buildSettings = {
				ALWAYS_SEARCH_USER_PATHS = NO;
				CLANG_ANALYZER_NONNULL = YES;
				CLANG_ANALYZER_NUMBER_OBJECT_CONVERSION = YES_AGGRESSIVE;
				CLANG_CXX_LANGUAGE_STANDARD = "gnu++17";
				CLANG_CXX_LIBRARY = "libc++";
				CLANG_ENABLE_MODULES = YES;
				CLANG_ENABLE_OBJC_ARC = YES;
				CLANG_ENABLE_OBJC_WEAK = YES;
				CLANG_WARN_BLOCK_CAPTURE_AUTORELEASING = YES;
				CLANG_WARN_BOOL_CONVERSION = YES;
				CLANG_WARN_COMMA = YES;
				CLANG_WARN_CONSTANT_CONVERSION = YES;
				CLANG_WARN_DEPRECATED_OBJC_IMPLEMENTATIONS = YES;
				CLANG_WARN_DIRECT_OBJC_ISA_USAGE = YES_ERROR;
				CLANG_WARN_DOCUMENTATION_COMMENTS = YES;
				CLANG_WARN_EMPTY_BODY = YES;
				CLANG_WARN_ENUM_CONVERSION = YES;
				CLANG_WARN_INFINITE_RECURSION = YES;
				CLANG_WARN_INT_CONVERSION = YES;
				CLANG_WARN_NON_LITERAL_NULL_CONVERSION = YES;
				CLANG_WARN_OBJC_IMPLICIT_RETAIN_SELF = YES;
				CLANG_WARN_OBJC_LITERAL_CONVERSION = YES;
				CLANG_WARN_OBJC_ROOT_CLASS = YES_ERROR;
				CLANG_WARN_QUOTED_INCLUDE_IN_FRAMEWORK_HEADER = YES;
				CLANG_WARN_RANGE_LOOP_ANALYSIS = YES;
				CLANG_WARN_STRICT_PROTOTYPES = YES;
				CLANG_WARN_SUSPICIOUS_MOVE = YES;
				CLANG_WARN_UNGUARDED_AVAILABILITY = YES_AGGRESSIVE;
				CLANG_WARN_UNREACHABLE_CODE = YES;
				CLANG_WARN__DUPLICATE_METHOD_MATCH = YES;
				COPY_PHASE_STRIP = NO;
				DEBUG_INFORMATION_FORMAT = "dwarf-with-dsym";
				ENABLE_NS_ASSERTIONS = NO;
				ENABLE_STRICT_OBJC_MSGSEND = YES;
				GCC_C_LANGUAGE_STANDARD = gnu11;
				GCC_NO_COMMON_BLOCKS = YES;
				GCC_WARN_64_TO_32_BIT_CONVERSION = YES;
				GCC_WARN_ABOUT_RETURN_TYPE = YES_ERROR;
				GCC_WARN_UNDECLARED_SELECTOR = YES;
				GCC_WARN_UNINITIALIZED_AUTOS = YES_AGGRESSIVE;
				GCC_WARN_UNUSED_FUNCTION = YES;
				GCC_WARN_UNUSED_VARIABLE = YES;
				MTL_ENABLE_DEBUG_INFO = NO;
				MTL_FAST_MATH = YES;
				SWIFT_COMPILATION_MODE = wholemodule;
				SWIFT_OPTIMIZATION_LEVEL = "-O";
			};
			name = Release;
		};
		B0946480281351A1005F982D /* Debug */ = {
			isa = XCBuildConfiguration;
			buildSettings = {
				ASSETCATALOG_COMPILER_APPICON_NAME = AppIcon;
				ASSETCATALOG_COMPILER_GLOBAL_ACCENT_COLOR_NAME = AccentColor;
				CODE_SIGN_STYLE = Automatic;
				CURRENT_PROJECT_VERSION = 1;
				ENABLE_PREVIEWS = YES;
				GENERATE_INFOPLIST_FILE = YES;
				INFOPLIST_KEY_UIApplicationSceneManifest_Generation = YES;
				INFOPLIST_KEY_UIApplicationSupportsIndirectInputEvents = YES;
				INFOPLIST_KEY_UILaunchScreen_Generation = YES;
				INFOPLIST_KEY_UISupportedInterfaceOrientations_iPad = "UIInterfaceOrientationPortrait UIInterfaceOrientationPortraitUpsideDown UIInterfaceOrientationLandscapeLeft UIInterfaceOrientationLandscapeRight";
				INFOPLIST_KEY_UISupportedInterfaceOrientations_iPhone = "UIInterfaceOrientationPortrait UIInterfaceOrientationLandscapeLeft UIInterfaceOrientationLandscapeRight";
				IPHONEOS_DEPLOYMENT_TARGET = 15.2;
				LD_RUNPATH_SEARCH_PATHS = (
					"$(inherited)",
					"@executable_path/Frameworks",
				);
				MARKETING_VERSION = 1.0;
				PRODUCT_BUNDLE_IDENTIFIER = "tunc.project-1";
				PRODUCT_NAME = project_1;
				SDKROOT = iphoneos;
				SWIFT_EMIT_LOC_STRINGS = YES;
				SWIFT_VERSION = 5.0;
				TARGETED_DEVICE_FAMILY = "1,2";
			};
			name = Debug;
		};
		B0946481281351A1005F982D /* Release */ = {
			isa = XCBuildConfiguration;
			buildSettings = {
				ASSETCATALOG_COMPILER_APPICON_NAME = AppIcon;
				ASSETCATALOG_COMPILER_GLOBAL_ACCENT_COLOR_NAME = AccentColor;
				CODE_SIGN_STYLE = Automatic;
				CURRENT_PROJECT_VERSION = 1;
				ENABLE_PREVIEWS = YES;
				GENERATE_INFOPLIST_FILE = YES;
				INFOPLIST_KEY_UIApplicationSceneManifest_Generation = YES;
				INFOPLIST_KEY_UIApplicationSupportsIndirectInputEvents = YES;
				INFOPLIST_KEY_UILaunchScreen_Generation = YES;
				INFOPLIST_KEY_UISupportedInterfaceOrientations_iPad = "UIInterfaceOrientationPortrait UIInterfaceOrientationPortraitUpsideDown UIInterfaceOrientationLandscapeLeft UIInterfaceOrientationLandscapeRight";
				INFOPLIST_KEY_UISupportedInterfaceOrientations_iPhone = "UIInterfaceOrientationPortrait UIInterfaceOrientationLandscapeLeft UIInterfaceOrientationLandscapeRight";
				IPHONEOS_DEPLOYMENT_TARGET = 15.2;
				LD_RUNPATH_SEARCH_PATHS = (
					"$(inherited)",
					"@executable_path/Frameworks",
				);
				MARKETING_VERSION = 1.0;
				PRODUCT_BUNDLE_IDENTIFIER = "tunc.project-1";
				PRODUCT_NAME = project_1;
				SDKROOT = iphoneos;
				SWIFT_EMIT_LOC_STRINGS = YES;
				SWIFT_VERSION = 5.0;
				TARGETED_DEVICE_FAMILY = "1,2";
				VALIDATE_PRODUCT = YES;
			};
			name = Release;
		};
		B0946483281351A1005F982D /* Debug */ = {
			isa = XCBuildConfiguration;
			buildSettings = {
				ASSETCATALOG_COMPILER_APPICON_NAME = AppIcon;
				ASSETCATALOG_COMPILER_GLOBAL_ACCENT_COLOR_NAME = AccentColor;
				CODE_SIGN_ENTITLEMENTS = macOS/macOS.entitlements;
				CODE_SIGN_STYLE = Automatic;
				COMBINE_HIDPI_IMAGES = YES;
				CURRENT_PROJECT_VERSION = 1;
				ENABLE_PREVIEWS = YES;
				GENERATE_INFOPLIST_FILE = YES;
				INFOPLIST_KEY_NSHumanReadableCopyright = "";
				LD_RUNPATH_SEARCH_PATHS = (
					"$(inherited)",
					"@executable_path/../Frameworks",
				);
				MACOSX_DEPLOYMENT_TARGET = 12.0;
				MARKETING_VERSION = 1.0;
				PRODUCT_BUNDLE_IDENTIFIER = "tunc.project-1";
				PRODUCT_NAME = project_1;
				SDKROOT = macosx;
				SWIFT_EMIT_LOC_STRINGS = YES;
				SWIFT_VERSION = 5.0;
			};
			name = Debug;
		};
		B0946484281351A1005F982D /* Release */ = {
			isa = XCBuildConfiguration;
			buildSettings = {
				ASSETCATALOG_COMPILER_APPICON_NAME = AppIcon;
				ASSETCATALOG_COMPILER_GLOBAL_ACCENT_COLOR_NAME = AccentColor;
				CODE_SIGN_ENTITLEMENTS = macOS/macOS.entitlements;
				CODE_SIGN_STYLE = Automatic;
				COMBINE_HIDPI_IMAGES = YES;
				CURRENT_PROJECT_VERSION = 1;
				ENABLE_PREVIEWS = YES;
				GENERATE_INFOPLIST_FILE = YES;
				INFOPLIST_KEY_NSHumanReadableCopyright = "";
				LD_RUNPATH_SEARCH_PATHS = (
					"$(inherited)",
					"@executable_path/../Frameworks",
				);
				MACOSX_DEPLOYMENT_TARGET = 12.0;
				MARKETING_VERSION = 1.0;
				PRODUCT_BUNDLE_IDENTIFIER = "tunc.project-1";
				PRODUCT_NAME = project_1;
				SDKROOT = macosx;
				SWIFT_EMIT_LOC_STRINGS = YES;
				SWIFT_VERSION = 5.0;
			};
			name = Release;
		};
		B0946486281351A1005F982D /* Debug */ = {
			isa = XCBuildConfiguration;
			buildSettings = {
				ALWAYS_EMBED_SWIFT_STANDARD_LIBRARIES = YES;
				CODE_SIGN_STYLE = Automatic;
				CURRENT_PROJECT_VERSION = 1;
				GENERATE_INFOPLIST_FILE = YES;
				IPHONEOS_DEPLOYMENT_TARGET = 15.2;
				MARKETING_VERSION = 1.0;
				PRODUCT_BUNDLE_IDENTIFIER = "tunc.Tests-iOS";
				PRODUCT_NAME = "$(TARGET_NAME)";
				SDKROOT = iphoneos;
				SWIFT_EMIT_LOC_STRINGS = NO;
				SWIFT_VERSION = 5.0;
				TARGETED_DEVICE_FAMILY = "1,2";
				TEST_TARGET_NAME = "project_1 (iOS)";
			};
			name = Debug;
		};
		B0946487281351A1005F982D /* Release */ = {
			isa = XCBuildConfiguration;
			buildSettings = {
				ALWAYS_EMBED_SWIFT_STANDARD_LIBRARIES = YES;
				CODE_SIGN_STYLE = Automatic;
				CURRENT_PROJECT_VERSION = 1;
				GENERATE_INFOPLIST_FILE = YES;
				IPHONEOS_DEPLOYMENT_TARGET = 15.2;
				MARKETING_VERSION = 1.0;
				PRODUCT_BUNDLE_IDENTIFIER = "tunc.Tests-iOS";
				PRODUCT_NAME = "$(TARGET_NAME)";
				SDKROOT = iphoneos;
				SWIFT_EMIT_LOC_STRINGS = NO;
				SWIFT_VERSION = 5.0;
				TARGETED_DEVICE_FAMILY = "1,2";
				TEST_TARGET_NAME = "project_1 (iOS)";
				VALIDATE_PRODUCT = YES;
			};
			name = Release;
		};
		B0946489281351A1005F982D /* Debug */ = {
			isa = XCBuildConfiguration;
			buildSettings = {
				ALWAYS_EMBED_SWIFT_STANDARD_LIBRARIES = YES;
				CODE_SIGN_STYLE = Automatic;
				CURRENT_PROJECT_VERSION = 1;
				GENERATE_INFOPLIST_FILE = YES;
				MACOSX_DEPLOYMENT_TARGET = 12.0;
				MARKETING_VERSION = 1.0;
				PRODUCT_BUNDLE_IDENTIFIER = "tunc.Tests-macOS";
				PRODUCT_NAME = "$(TARGET_NAME)";
				SDKROOT = macosx;
				SWIFT_EMIT_LOC_STRINGS = NO;
				SWIFT_VERSION = 5.0;
				TEST_TARGET_NAME = "project_1 (macOS)";
			};
			name = Debug;
		};
		B094648A281351A1005F982D /* Release */ = {
			isa = XCBuildConfiguration;
			buildSettings = {
				ALWAYS_EMBED_SWIFT_STANDARD_LIBRARIES = YES;
				CODE_SIGN_STYLE = Automatic;
				CURRENT_PROJECT_VERSION = 1;
				GENERATE_INFOPLIST_FILE = YES;
				MACOSX_DEPLOYMENT_TARGET = 12.0;
				MARKETING_VERSION = 1.0;
				PRODUCT_BUNDLE_IDENTIFIER = "tunc.Tests-macOS";
				PRODUCT_NAME = "$(TARGET_NAME)";
				SDKROOT = macosx;
				SWIFT_EMIT_LOC_STRINGS = NO;
				SWIFT_VERSION = 5.0;
				TEST_TARGET_NAME = "project_1 (macOS)";
			};
			name = Release;
		};
/* End XCBuildConfiguration section */

/* Begin XCConfigurationList section */
		B094644D281351A0005F982D /* Build configuration list for PBXProject "project_1" */ = {
			isa = XCConfigurationList;
			buildConfigurations = (
				B094647D281351A1005F982D /* Debug */,
				B094647E281351A1005F982D /* Release */,
			);
			defaultConfigurationIsVisible = 0;
			defaultConfigurationName = Release;
		};
		B094647F281351A1005F982D /* Build configuration list for PBXNativeTarget "project_1 (iOS)" */ = {
			isa = XCConfigurationList;
			buildConfigurations = (
				B0946480281351A1005F982D /* Debug */,
				B0946481281351A1005F982D /* Release */,
			);
			defaultConfigurationIsVisible = 0;
			defaultConfigurationName = Release;
		};
		B0946482281351A1005F982D /* Build configuration list for PBXNativeTarget "project_1 (macOS)" */ = {
			isa = XCConfigurationList;
			buildConfigurations = (
				B0946483281351A1005F982D /* Debug */,
				B0946484281351A1005F982D /* Release */,
			);
			defaultConfigurationIsVisible = 0;
			defaultConfigurationName = Release;
		};
		B0946485281351A1005F982D /* Build configuration list for PBXNativeTarget "Tests iOS" */ = {
			isa = XCConfigurationList;
			buildConfigurations = (
				B0946486281351A1005F982D /* Debug */,
				B0946487281351A1005F982D /* Release */,
			);
			defaultConfigurationIsVisible = 0;
			defaultConfigurationName = Release;
		};
		B0946488281351A1005F982D /* Build configuration list for PBXNativeTarget "Tests macOS" */ = {
			isa = XCConfigurationList;
			buildConfigurations = (
				B0946489281351A1005F982D /* Debug */,
				B094648A281351A1005F982D /* Release */,
			);
			defaultConfigurationIsVisible = 0;
			defaultConfigurationName = Release;
		};
/* End XCConfigurationList section */
	};
	rootObject = B094644A281351A0005F982D /* Project object */;
}
